// !$*UTF8*$!
{
	archiveVersion = 1;
	classes = {
	};
	objectVersion = 50;
	objects = {

/* Begin PBXBuildFile section */
		5C265ABD209681D50080A021 /* AppDelegate.swift in Sources */ = {isa = PBXBuildFile; fileRef = 5C265ABC209681D50080A021 /* AppDelegate.swift */; };
		5C265ABF209681D50080A021 /* ViewController.swift in Sources */ = {isa = PBXBuildFile; fileRef = 5C265ABE209681D50080A021 /* ViewController.swift */; };
		5C265AC2209681D50080A021 /* Main.storyboard in Resources */ = {isa = PBXBuildFile; fileRef = 5C265AC0209681D50080A021 /* Main.storyboard */; };
		5C265AC5209681D50080A021 /* FernnandoDittmar.xcdatamodeld in Sources */ = {isa = PBXBuildFile; fileRef = 5C265AC3209681D50080A021 /* FernnandoDittmar.xcdatamodeld */; };
		5C265AC7209681D60080A021 /* Assets.xcassets in Resources */ = {isa = PBXBuildFile; fileRef = 5C265AC6209681D60080A021 /* Assets.xcassets */; };
		5C265ACA209681D60080A021 /* LaunchScreen.storyboard in Resources */ = {isa = PBXBuildFile; fileRef = 5C265AC8209681D60080A021 /* LaunchScreen.storyboard */; };
		5C265AD220968FF00080A021 /* OrdersTableViewController.swift in Sources */ = {isa = PBXBuildFile; fileRef = 5C265AD120968FF00080A021 /* OrdersTableViewController.swift */; };
		5C265AD6209690990080A021 /* OrderTableViewCell.swift in Sources */ = {isa = PBXBuildFile; fileRef = 5C265AD5209690990080A021 /* OrderTableViewCell.swift */; };
		5C265AD8209693BE0080A021 /* AddOrderViewController.swift in Sources */ = {isa = PBXBuildFile; fileRef = 5C265AD7209693BE0080A021 /* AddOrderViewController.swift */; };
/* End PBXBuildFile section */

/* Begin PBXFileReference section */
		5C265AB9209681D50080A021 /* FernnandoDittmar.app */ = {isa = PBXFileReference; explicitFileType = wrapper.application; includeInIndex = 0; path = FernnandoDittmar.app; sourceTree = BUILT_PRODUCTS_DIR; };
		5C265ABC209681D50080A021 /* AppDelegate.swift */ = {isa = PBXFileReference; lastKnownFileType = sourcecode.swift; path = AppDelegate.swift; sourceTree = "<group>"; };
		5C265ABE209681D50080A021 /* ViewController.swift */ = {isa = PBXFileReference; lastKnownFileType = sourcecode.swift; path = ViewController.swift; sourceTree = "<group>"; };
		5C265AC1209681D50080A021 /* Base */ = {isa = PBXFileReference; lastKnownFileType = file.storyboard; name = Base; path = Base.lproj/Main.storyboard; sourceTree = "<group>"; };
		5C265AC4209681D50080A021 /* FernnandoDittmar.xcdatamodel */ = {isa = PBXFileReference; lastKnownFileType = wrapper.xcdatamodel; path = FernnandoDittmar.xcdatamodel; sourceTree = "<group>"; };
		5C265AC6209681D60080A021 /* Assets.xcassets */ = {isa = PBXFileReference; lastKnownFileType = folder.assetcatalog; path = Assets.xcassets; sourceTree = "<group>"; };
		5C265AC9209681D60080A021 /* Base */ = {isa = PBXFileReference; lastKnownFileType = file.storyboard; name = Base; path = Base.lproj/LaunchScreen.storyboard; sourceTree = "<group>"; };
		5C265ACB209681D60080A021 /* Info.plist */ = {isa = PBXFileReference; lastKnownFileType = text.plist.xml; path = Info.plist; sourceTree = "<group>"; };
		5C265AD120968FF00080A021 /* OrdersTableViewController.swift */ = {isa = PBXFileReference; lastKnownFileType = sourcecode.swift; path = OrdersTableViewController.swift; sourceTree = "<group>"; };
		5C265AD5209690990080A021 /* OrderTableViewCell.swift */ = {isa = PBXFileReference; lastKnownFileType = sourcecode.swift; path = OrderTableViewCell.swift; sourceTree = "<group>"; };
		5C265AD7209693BE0080A021 /* AddOrderViewController.swift */ = {isa = PBXFileReference; lastKnownFileType = sourcecode.swift; path = AddOrderViewController.swift; sourceTree = "<group>"; };
/* End PBXFileReference section */

/* Begin PBXFrameworksBuildPhase section */
		5C265AB6209681D50080A021 /* Frameworks */ = {
			isa = PBXFrameworksBuildPhase;
			buildActionMask = 2147483647;
			files = (
			);
			runOnlyForDeploymentPostprocessing = 0;
		};
/* End PBXFrameworksBuildPhase section */

/* Begin PBXGroup section */
		5C265AB0209681D50080A021 = {
			isa = PBXGroup;
			children = (
				5C265AD7209693BE0080A021 /* AddOrderViewController.swift */,
				5C265ABB209681D50080A021 /* FernnandoDittmar */,
				5C265ABA209681D50080A021 /* Products */,
			);
			sourceTree = "<group>";
		};
		5C265ABA209681D50080A021 /* Products */ = {
			isa = PBXGroup;
			children = (
				5C265AB9209681D50080A021 /* FernnandoDittmar.app */,
			);
			name = Products;
			sourceTree = "<group>";
		};
		5C265ABB209681D50080A021 /* FernnandoDittmar */ = {
			isa = PBXGroup;
			children = (
				5C265ABC209681D50080A021 /* AppDelegate.swift */,
				5C265ABE209681D50080A021 /* ViewController.swift */,
				5C265AC0209681D50080A021 /* Main.storyboard */,
				5C265AD120968FF00080A021 /* OrdersTableViewController.swift */,
				5C265AD5209690990080A021 /* OrderTableViewCell.swift */,
				5C265AC6209681D60080A021 /* Assets.xcassets */,
				5C265AC8209681D60080A021 /* LaunchScreen.storyboard */,
				5C265ACB209681D60080A021 /* Info.plist */,
				5C265AC3209681D50080A021 /* FernnandoDittmar.xcdatamodeld */,
			);
			path = FernnandoDittmar;
			sourceTree = "<group>";
		};
/* End PBXGroup section */

/* Begin PBXNativeTarget section */
		5C265AB8209681D50080A021 /* FernnandoDittmar */ = {
			isa = PBXNativeTarget;
			buildConfigurationList = 5C265ACE209681D60080A021 /* Build configuration list for PBXNativeTarget "FernnandoDittmar" */;
			buildPhases = (
				5C265AB5209681D50080A021 /* Sources */,
				5C265AB6209681D50080A021 /* Frameworks */,
				5C265AB7209681D50080A021 /* Resources */,
			);
			buildRules = (
			);
			dependencies = (
			);
			name = FernnandoDittmar;
			productName = FernnandoDittmar;
			productReference = 5C265AB9209681D50080A021 /* FernnandoDittmar.app */;
			productType = "com.apple.product-type.application";
		};
/* End PBXNativeTarget section */

/* Begin PBXProject section */
		5C265AB1209681D50080A021 /* Project object */ = {
			isa = PBXProject;
			attributes = {
				LastSwiftUpdateCheck = 0930;
				LastUpgradeCheck = 0930;
				ORGANIZATIONNAME = "Fernnando Dittmar";
				TargetAttributes = {
					5C265AB8209681D50080A021 = {
						CreatedOnToolsVersion = 9.3;
					};
				};
			};
			buildConfigurationList = 5C265AB4209681D50080A021 /* Build configuration list for PBXProject "FernnandoDittmar" */;
			compatibilityVersion = "Xcode 9.3";
			developmentRegion = en;
			hasScannedForEncodings = 0;
			knownRegions = (
				en,
				Base,
			);
			mainGroup = 5C265AB0209681D50080A021;
			productRefGroup = 5C265ABA209681D50080A021 /* Products */;
			projectDirPath = "";
			projectRoot = "";
			targets = (
				5C265AB8209681D50080A021 /* FernnandoDittmar */,
			);
		};
/* End PBXProject section */

/* Begin PBXResourcesBuildPhase section */
		5C265AB7209681D50080A021 /* Resources */ = {
			isa = PBXResourcesBuildPhase;
			buildActionMask = 2147483647;
			files = (
				5C265ACA209681D60080A021 /* LaunchScreen.storyboard in Resources */,
				5C265AC7209681D60080A021 /* Assets.xcassets in Resources */,
				5C265AC2209681D50080A021 /* Main.storyboard in Resources */,
			);
			runOnlyForDeploymentPostprocessing = 0;
		};
/* End PBXResourcesBuildPhase section */

/* Begin PBXSourcesBuildPhase section */
		5C265AB5209681D50080A021 /* Sources */ = {
			isa = PBXSourcesBuildPhase;
			buildActionMask = 2147483647;
			files = (
				5C265AD6209690990080A021 /* OrderTableViewCell.swift in Sources */,
				5C265AD220968FF00080A021 /* OrdersTableViewController.swift in Sources */,
				5C265ABF209681D50080A021 /* ViewController.swift in Sources */,
				5C265AC5209681D50080A021 /* FernnandoDittmar.xcdatamodeld in Sources */,
				5C265ABD209681D50080A021 /* AppDelegate.swift in Sources */,
				5C265AD8209693BE0080A021 /* AddOrderViewController.swift in Sources */,
			);
			runOnlyForDeploymentPostprocessing = 0;
		};
/* End PBXSourcesBuildPhase section */

/* Begin PBXVariantGroup section */
		5C265AC0209681D50080A021 /* Main.storyboard */ = {
			isa = PBXVariantGroup;
			children = (
				5C265AC1209681D50080A021 /* Base */,
			);
			name = Main.storyboard;
			sourceTree = "<group>";
		};
		5C265AC8209681D60080A021 /* LaunchScreen.storyboard */ = {
			isa = PBXVariantGroup;
			children = (
				5C265AC9209681D60080A021 /* Base */,
			);
			name = LaunchScreen.storyboard;
			sourceTree = "<group>";
		};
/* End PBXVariantGroup section */

/* Begin XCBuildConfiguration section */
		5C265ACC209681D60080A021 /* Debug */ = {
			isa = XCBuildConfiguration;
			buildSettings = {
				ALWAYS_SEARCH_USER_PATHS = NO;
				CLANG_ANALYZER_NONNULL = YES;
				CLANG_ANALYZER_NUMBER_OBJECT_CONVERSION = YES_AGGRESSIVE;
				CLANG_CXX_LANGUAGE_STANDARD = "gnu++14";
				CLANG_CXX_LIBRARY = "libc++";
				CLANG_ENABLE_MODULES = YES;
				CLANG_ENABLE_OBJC_ARC = YES;
				CLANG_ENABLE_OBJC_WEAK = YES;
				CLANG_WARN_BLOCK_CAPTURE_AUTORELEASING = YES;
				CLANG_WARN_BOOL_CONVERSION = YES;
				CLANG_WARN_COMMA = YES;
				CLANG_WARN_CONSTANT_CONVERSION = YES;
				CLANG_WARN_DEPRECATED_OBJC_IMPLEMENTATIONS = YES;
				CLANG_WARN_DIRECT_OBJC_ISA_USAGE = YES_ERROR;
				CLANG_WARN_DOCUMENTATION_COMMENTS = YES;
				CLANG_WARN_EMPTY_BODY = YES;
				CLANG_WARN_ENUM_CONVERSION = YES;
				CLANG_WARN_INFINITE_RECURSION = YES;
				CLANG_WARN_INT_CONVERSION = YES;
				CLANG_WARN_NON_LITERAL_NULL_CONVERSION = YES;
				CLANG_WARN_OBJC_IMPLICIT_RETAIN_SELF = YES;
				CLANG_WARN_OBJC_LITERAL_CONVERSION = YES;
				CLANG_WARN_OBJC_ROOT_CLASS = YES_ERROR;
				CLANG_WARN_RANGE_LOOP_ANALYSIS = YES;
				CLANG_WARN_STRICT_PROTOTYPES = YES;
				CLANG_WARN_SUSPICIOUS_MOVE = YES;
				CLANG_WARN_UNGUARDED_AVAILABILITY = YES_AGGRESSIVE;
				CLANG_WARN_UNREACHABLE_CODE = YES;
				CLANG_WARN__DUPLICATE_METHOD_MATCH = YES;
				CODE_SIGN_IDENTITY = "iPhone Developer";
				COPY_PHASE_STRIP = NO;
				DEBUG_INFORMATION_FORMAT = dwarf;
				ENABLE_STRICT_OBJC_MSGSEND = YES;
				ENABLE_TESTABILITY = YES;
				GCC_C_LANGUAGE_STANDARD = gnu11;
				GCC_DYNAMIC_NO_PIC = NO;
				GCC_NO_COMMON_BLOCKS = YES;
				GCC_OPTIMIZATION_LEVEL = 0;
				GCC_PREPROCESSOR_DEFINITIONS = (
					"DEBUG=1",
					"$(inherited)",
				);
				GCC_WARN_64_TO_32_BIT_CONVERSION = YES;
				GCC_WARN_ABOUT_RETURN_TYPE = YES_ERROR;
				GCC_WARN_UNDECLARED_SELECTOR = YES;
				GCC_WARN_UNINITIALIZED_AUTOS = YES_AGGRESSIVE;
				GCC_WARN_UNUSED_FUNCTION = YES;
				GCC_WARN_UNUSED_VARIABLE = YES;
				IPHONEOS_DEPLOYMENT_TARGET = 11.3;
				MTL_ENABLE_DEBUG_INFO = YES;
				ONLY_ACTIVE_ARCH = YES;
				SDKROOT = iphoneos;
				SWIFT_ACTIVE_COMPILATION_CONDITIONS = DEBUG;
				SWIFT_OPTIMIZATION_LEVEL = "-Onone";
			};
			name = Debug;
		};
		5C265ACD209681D60080A021 /* Release */ = {
			isa = XCBuildConfiguration;
			buildSettings = {
				ALWAYS_SEARCH_USER_PATHS = NO;
				CLANG_ANALYZER_NONNULL = YES;
				CLANG_ANALYZER_NUMBER_OBJECT_CONVERSION = YES_AGGRESSIVE;
				CLANG_CXX_LANGUAGE_STANDARD = "gnu++14";
				CLANG_CXX_LIBRARY = "libc++";
				CLANG_ENABLE_MODULES = YES;
				CLANG_ENABLE_OBJC_ARC = YES;
				CLANG_ENABLE_OBJC_WEAK = YES;
				CLANG_WARN_BLOCK_CAPTURE_AUTORELEASING = YES;
				CLANG_WARN_BOOL_CONVERSION = YES;
				CLANG_WARN_COMMA = YES;
				CLANG_WARN_CONSTANT_CONVERSION = YES;
				CLANG_WARN_DEPRECATED_OBJC_IMPLEMENTATIONS = YES;
				CLANG_WARN_DIRECT_OBJC_ISA_USAGE = YES_ERROR;
				CLANG_WARN_DOCUMENTATION_COMMENTS = YES;
				CLANG_WARN_EMPTY_BODY = YES;
				CLANG_WARN_ENUM_CONVERSION = YES;
				CLANG_WARN_INFINITE_RECURSION = YES;
				CLANG_WARN_INT_CONVERSION = YES;
				CLANG_WARN_NON_LITERAL_NULL_CONVERSION = YES;
				CLANG_WARN_OBJC_IMPLICIT_RETAIN_SELF = YES;
				CLANG_WARN_OBJC_LITERAL_CONVERSION = YES;
				CLANG_WARN_OBJC_ROOT_CLASS = YES_ERROR;
				CLANG_WARN_RANGE_LOOP_ANALYSIS = YES;
				CLANG_WARN_STRICT_PROTOTYPES = YES;
				CLANG_WARN_SUSPICIOUS_MOVE = YES;
				CLANG_WARN_UNGUARDED_AVAILABILITY = YES_AGGRESSIVE;
				CLANG_WARN_UNREACHABLE_CODE = YES;
				CLANG_WARN__DUPLICATE_METHOD_MATCH = YES;
				CODE_SIGN_IDENTITY = "iPhone Developer";
				COPY_PHASE_STRIP = NO;
				DEBUG_INFORMATION_FORMAT = "dwarf-with-dsym";
				ENABLE_NS_ASSERTIONS = NO;
				ENABLE_STRICT_OBJC_MSGSEND = YES;
				GCC_C_LANGUAGE_STANDARD = gnu11;
				GCC_NO_COMMON_BLOCKS = YES;
				GCC_WARN_64_TO_32_BIT_CONVERSION = YES;
				GCC_WARN_ABOUT_RETURN_TYPE = YES_ERROR;
				GCC_WARN_UNDECLARED_SELECTOR = YES;
				GCC_WARN_UNINITIALIZED_AUTOS = YES_AGGRESSIVE;
				GCC_WARN_UNUSED_FUNCTION = YES;
				GCC_WARN_UNUSED_VARIABLE = YES;
				IPHONEOS_DEPLOYMENT_TARGET = 11.3;
				MTL_ENABLE_DEBUG_INFO = NO;
				SDKROOT = iphoneos;
				SWIFT_COMPILATION_MODE = wholemodule;
				SWIFT_OPTIMIZATION_LEVEL = "-O";
				VALIDATE_PRODUCT = YES;
			};
			name = Release;
		};
		5C265ACF209681D60080A021 /* Debug */ = {
			isa = XCBuildConfiguration;
			buildSettings = {
				ASSETCATALOG_COMPILER_APPICON_NAME = AppIcon;
				CODE_SIGN_STYLE = Automatic;
				INFOPLIST_FILE = FernnandoDittmar/Info.plist;
				LD_RUNPATH_SEARCH_PATHS = (
					"$(inherited)",
					"@executable_path/Frameworks",
				);
				PRODUCT_BUNDLE_IDENTIFIER = co.fddittmar.FernnandoDittmar;
				PRODUCT_NAME = "$(TARGET_NAME)";
				SWIFT_VERSION = 4.0;
				TARGETED_DEVICE_FAMILY = 1;
			};
			name = Debug;
		};
		5C265AD0209681D60080A021 /* Release */ = {
			isa = XCBuildConfiguration;
			buildSettings = {
				ASSETCATALOG_COMPILER_APPICON_NAME = AppIcon;
				CODE_SIGN_STYLE = Automatic;
				INFOPLIST_FILE = FernnandoDittmar/Info.plist;
				LD_RUNPATH_SEARCH_PATHS = (
					"$(inherited)",
					"@executable_path/Frameworks",
				);
				PRODUCT_BUNDLE_IDENTIFIER = co.fddittmar.FernnandoDittmar;
				PRODUCT_NAME = "$(TARGET_NAME)";
				SWIFT_VERSION = 4.0;
				TARGETED_DEVICE_FAMILY = 1;
			};
			name = Release;
		};
/* End XCBuildConfiguration section */

/* Begin XCConfigurationList section */
		5C265AB4209681D50080A021 /* Build configuration list for PBXProject "FernnandoDittmar" */ = {
			isa = XCConfigurationList;
			buildConfigurations = (
				5C265ACC209681D60080A021 /* Debug */,
				5C265ACD209681D60080A021 /* Release */,
			);
			defaultConfigurationIsVisible = 0;
			defaultConfigurationName = Release;
		};
		5C265ACE209681D60080A021 /* Build configuration list for PBXNativeTarget "FernnandoDittmar" */ = {
			isa = XCConfigurationList;
			buildConfigurations = (
				5C265ACF209681D60080A021 /* Debug */,
				5C265AD0209681D60080A021 /* Release */,
			);
			defaultConfigurationIsVisible = 0;
			defaultConfigurationName = Release;
		};
/* End XCConfigurationList section */

/* Begin XCVersionGroup section */
		5C265AC3209681D50080A021 /* FernnandoDittmar.xcdatamodeld */ = {
			isa = XCVersionGroup;
			children = (
				5C265AC4209681D50080A021 /* FernnandoDittmar.xcdatamodel */,
			);
			currentVersion = 5C265AC4209681D50080A021 /* FernnandoDittmar.xcdatamodel */;
			path = FernnandoDittmar.xcdatamodeld;
			sourceTree = "<group>";
			versionGroupType = wrapper.xcdatamodel;
		};
/* End XCVersionGroup section */
	};
	rootObject = 5C265AB1209681D50080A021 /* Project object */;
}
